
Microsoft Visual Studio Solution File, Format Version 12.00
# Visual Studio Version 17
VisualStudioVersion = 17.7.34202.233
MinimumVisualStudioVersion = 10.0.40219.1
Project("{8BC9CEB8-8B4A-11D0-8D11-00A0C91BC942}") = "SteamAPICheckBypass", "SteamAPICheckBypass\SteamAPICheckBypass.vcxproj", "{3D2E6283-1C6E-43EF-A72D-FD510D40ECF4}"
EndProject
Project("{8BC9CEB8-8B4A-11D0-8D11-00A0C91BC942}") = "SteamAPICheckBypass_x32", "SteamAPICheckBypass_x32\SteamAPICheckBypass_x32.vcxproj", "{8A0F57D1-0E26-435B-9CFA-084D4424DD87}"
EndProject
Global
	GlobalSection(SolutionConfigurationPlatforms) = preSolution
		Debug|x64 = Debug|x64
		Debug|x86 = Debug|x86
		Release|x64 = Release|x64
		Release|x86 = Release|x86
	EndGlobalSection
	GlobalSection(ProjectConfigurationPlatforms) = postSolution
		{3D2E6283-1C6E-43EF-A72D-FD510D40ECF4}.Debug|x64.ActiveCfg = Debug|x64
		{3D2E6283-1C6E-43EF-A72D-FD510D40ECF4}.Debug|x64.Build.0 = Debug|x64
		{3D2E6283-1C6E-43EF-A72D-FD510D40ECF4}.Debug|x86.ActiveCfg = Debug|x64
		{3D2E6283-1C6E-43EF-A72D-FD510D40ECF4}.Release|x64.ActiveCfg = Release|x64
		{3D2E6283-1C6E-43EF-A72D-FD510D40ECF4}.Release|x64.Build.0 = Release|x64
		{3D2E6283-1C6E-43EF-A72D-FD510D40ECF4}.Release|x86.ActiveCfg = Release|x64
		{3D2E6283-1C6E-43EF-A72D-FD510D40ECF4}.Release|x86.Build.0 = Release|x64
		{8A0F57D1-0E26-435B-9CFA-084D4424DD87}.Debug|x64.ActiveCfg = Debug|Win32
		{8A0F57D1-0E26-435B-9CFA-084D4424DD87}.Debug|x86.ActiveCfg = Debug|Win32
		{8A0F57D1-0E26-435B-9CFA-084D4424DD87}.Debug|x86.Build.0 = Debug|Win32
		{8A0F57D1-0E26-435B-9CFA-084D4424DD87}.Release|x64.ActiveCfg = Release|Win32
		{8A0F57D1-0E26-435B-9CFA-084D4424DD87}.Release|x64.Build.0 = Release|Win32
		{8A0F57D1-0E26-435B-9CFA-084D4424DD87}.Release|x86.ActiveCfg = Release|Win32
		{8A0F57D1-0E26-435B-9CFA-084D4424DD87}.Release|x86.Build.0 = Release|Win32
	EndGlobalSection
	GlobalSection(SolutionProperties) = preSolution
		HideSolutionNode = FALSE
	EndGlobalSection
	GlobalSection(ExtensibilityGlobals) = postSolution
		SolutionGuid = {6AF09F83-CD97-4040-8F0E-DFFC4102F137}
	EndGlobalSection
EndGlobal
