
Microsoft Visual Studio Solution File, Format Version 12.00
# Visual Studio Version 17
VisualStudioVersion = 17.7.34202.233
MinimumVisualStudioVersion = 10.0.40219.1
Project("{8BC9CEB8-8B4A-11D0-8D11-00A0C91BC942}") = "nt_file_dupe", "nt_file_dupe\nt_file_dupe.vcxproj", "{22E4EBEB-B621-4252-AE46-665835385D64}"
EndProject
Project("{8BC9CEB8-8B4A-11D0-8D11-00A0C91BC942}") = "dll_interface", "SteamAPICheckBypass\dll_interface.vcxproj", "{02A9F0E8-F3C9-407E-A7DC-CDC42430E626}"
EndProject
Global
	GlobalSection(SolutionConfigurationPlatforms) = preSolution
		Debug|x64 = Debug|x64
		Debug|x86 = Debug|x86
		Release|x64 = Release|x64
		Release|x86 = Release|x86
	EndGlobalSection
	GlobalSection(ProjectConfigurationPlatforms) = postSolution
		{22E4EBEB-B621-4252-AE46-665835385D64}.Debug|x64.ActiveCfg = Debug|x64
		{22E4EBEB-B621-4252-AE46-665835385D64}.Debug|x64.Build.0 = Debug|x64
		{22E4EBEB-B621-4252-AE46-665835385D64}.Debug|x86.ActiveCfg = Debug|Win32
		{22E4EBEB-B621-4252-AE46-665835385D64}.Debug|x86.Build.0 = Debug|Win32
		{22E4EBEB-B621-4252-AE46-665835385D64}.Release|x64.ActiveCfg = Release|x64
		{22E4EBEB-B621-4252-AE46-665835385D64}.Release|x64.Build.0 = Release|x64
		{22E4EBEB-B621-4252-AE46-665835385D64}.Release|x86.ActiveCfg = Release|Win32
		{22E4EBEB-B621-4252-AE46-665835385D64}.Release|x86.Build.0 = Release|Win32
		{02A9F0E8-F3C9-407E-A7DC-CDC42430E626}.Debug|x64.ActiveCfg = Debug|x64
		{02A9F0E8-F3C9-407E-A7DC-CDC42430E626}.Debug|x64.Build.0 = Debug|x64
		{02A9F0E8-F3C9-407E-A7DC-CDC42430E626}.Debug|x86.ActiveCfg = Debug|Win32
		{02A9F0E8-F3C9-407E-A7DC-CDC42430E626}.Debug|x86.Build.0 = Debug|Win32
		{02A9F0E8-F3C9-407E-A7DC-CDC42430E626}.Release|x64.ActiveCfg = Release|x64
		{02A9F0E8-F3C9-407E-A7DC-CDC42430E626}.Release|x64.Build.0 = Release|x64
		{02A9F0E8-F3C9-407E-A7DC-CDC42430E626}.Release|x86.ActiveCfg = Release|Win32
		{02A9F0E8-F3C9-407E-A7DC-CDC42430E626}.Release|x86.Build.0 = Release|Win32
	EndGlobalSection
	GlobalSection(SolutionProperties) = preSolution
		HideSolutionNode = FALSE
	EndGlobalSection
	GlobalSection(ExtensibilityGlobals) = postSolution
		SolutionGuid = {6AF09F83-CD97-4040-8F0E-DFFC4102F137}
	EndGlobalSection
EndGlobal
